
Microsoft Visual Studio Solution File, Format Version 12.00
# Visual Studio Version 17
VisualStudioVersion = 17.2.32630.192
MinimumVisualStudioVersion = 10.0.40219.1
Project("{FAE04EC0-301F-11D3-BF4B-00C04F79EFBC}") = "BookStoreApp", "BookStoreApp\BookStoreApp.csproj", "{B3A8A820-9BA7-4BC3-B987-1A588F4579D4}"
EndProject
Global
	GlobalSection(SolutionConfigurationPlatforms) = preSolution
		Debug|Any CPU = Debug|Any CPU
		Release|Any CPU = Release|Any CPU
	EndGlobalSection
	GlobalSection(ProjectConfigurationPlatforms) = postSolution
		{B3A8A820-9BA7-4BC3-B987-1A588F4579D4}.Debug|Any CPU.ActiveCfg = Debug|Any CPU
		{B3A8A820-9BA7-4BC3-B987-1A588F4579D4}.Debug|Any CPU.Build.0 = Debug|Any CPU
		{B3A8A820-9BA7-4BC3-B987-1A588F4579D4}.Release|Any CPU.ActiveCfg = Release|Any CPU
		{B3A8A820-9BA7-4BC3-B987-1A588F4579D4}.Release|Any CPU.Build.0 = Release|Any CPU
	EndGlobalSection
	GlobalSection(SolutionProperties) = preSolution
		HideSolutionNode = FALSE
	EndGlobalSection
	GlobalSection(ExtensibilityGlobals) = postSolution
		SolutionGuid = {3A2DE618-0363-4CD3-80EA-B1AC02EFAAD4}
	EndGlobalSection
EndGlobal
